
Microsoft Visual Studio Solution File, Format Version 12.00
# Visual Studio Version 16
VisualStudioVersion = 16.0.30621.155
MinimumVisualStudioVersion = 10.0.40219.1
Project("{FAE04EC0-301F-11D3-BF4B-00C04F79EFBC}") = "VegeBioFinal", "VegeBioFinal.csproj", "{B199B2FF-6A71-47F5-A5FB-0E4D61616BCE}"
EndProject
Global
	GlobalSection(SolutionConfigurationPlatforms) = preSolution
		Debug|Any CPU = Debug|Any CPU
		Release|Any CPU = Release|Any CPU
	EndGlobalSection
	GlobalSection(ProjectConfigurationPlatforms) = postSolution
		{B199B2FF-6A71-47F5-A5FB-0E4D61616BCE}.Debug|Any CPU.ActiveCfg = Debug|Any CPU
		{B199B2FF-6A71-47F5-A5FB-0E4D61616BCE}.Debug|Any CPU.Build.0 = Debug|Any CPU
		{B199B2FF-6A71-47F5-A5FB-0E4D61616BCE}.Release|Any CPU.ActiveCfg = Release|Any CPU
		{B199B2FF-6A71-47F5-A5FB-0E4D61616BCE}.Release|Any CPU.Build.0 = Release|Any CPU
	EndGlobalSection
	GlobalSection(SolutionProperties) = preSolution
		HideSolutionNode = FALSE
	EndGlobalSection
	GlobalSection(ExtensibilityGlobals) = postSolution
		SolutionGuid = {2893EBC7-BEBD-4226-8715-6A9EF1AD5277}
	EndGlobalSection
EndGlobal
